// !$*UTF8*$!
{
	archiveVersion = 1;
	classes = {
	};
	objectVersion = 46;
	objects = {

/* Begin PBXBuildFile section */
		D325295F1F1568DB00F2AA1C /* Magnet.framework in Frameworks */ = {isa = PBXBuildFile; fileRef = D325295D1F1568D500F2AA1C /* Magnet.framework */; };
		D32529601F1568DB00F2AA1C /* Magnet.framework in Embed Frameworks */ = {isa = PBXBuildFile; fileRef = D325295D1F1568D500F2AA1C /* Magnet.framework */; settings = {ATTRIBUTES = (CodeSignOnCopy, RemoveHeadersOnCopy, ); }; };
		D32FF8DE1EACACC500AF0F1E /* AppDelegate.swift in Sources */ = {isa = PBXBuildFile; fileRef = D32FF8DD1EACACC500AF0F1E /* AppDelegate.swift */; };
		D32FF8E01EACACC500AF0F1E /* ViewController.swift in Sources */ = {isa = PBXBuildFile; fileRef = D32FF8DF1EACACC500AF0F1E /* ViewController.swift */; };
		D32FF8E21EACACC500AF0F1E /* Assets.xcassets in Resources */ = {isa = PBXBuildFile; fileRef = D32FF8E11EACACC500AF0F1E /* Assets.xcassets */; };
		D32FF8E51EACACC500AF0F1E /* Main.storyboard in Resources */ = {isa = PBXBuildFile; fileRef = D32FF8E31EACACC500AF0F1E /* Main.storyboard */; };
		D32FF8F01EACACC500AF0F1E /* CenozoicForMacTests.swift in Sources */ = {isa = PBXBuildFile; fileRef = D32FF8EF1EACACC500AF0F1E /* CenozoicForMacTests.swift */; };
		D32FF8FB1EACACC500AF0F1E /* CenozoicForMacUITests.swift in Sources */ = {isa = PBXBuildFile; fileRef = D32FF8FA1EACACC500AF0F1E /* CenozoicForMacUITests.swift */; };
		D3367DE11F166CFE0096B782 /* MastodonManager.swift in Sources */ = {isa = PBXBuildFile; fileRef = D3367DE01F166CFE0096B782 /* MastodonManager.swift */; };
		D3367E441F166EDF0096B782 /* Client.swift in Sources */ = {isa = PBXBuildFile; fileRef = D3367E081F166EDF0096B782 /* Client.swift */; };
		D3367E451F166EDF0096B782 /* ClientError.swift in Sources */ = {isa = PBXBuildFile; fileRef = D3367E091F166EDF0096B782 /* ClientError.swift */; };
		D3367E461F166EDF0096B782 /* ClientProtocol.swift in Sources */ = {isa = PBXBuildFile; fileRef = D3367E0A1F166EDF0096B782 /* ClientProtocol.swift */; };
		D3367E471F166EDF0096B782 /* CharacterSet.swift in Sources */ = {isa = PBXBuildFile; fileRef = D3367E0C1F166EDF0096B782 /* CharacterSet.swift */; };
		D3367E481F166EDF0096B782 /* Data.swift in Sources */ = {isa = PBXBuildFile; fileRef = D3367E0D1F166EDF0096B782 /* Data.swift */; };
		D3367E491F166EDF0096B782 /* DateFormatter.swift in Sources */ = {isa = PBXBuildFile; fileRef = D3367E0E1F166EDF0096B782 /* DateFormatter.swift */; };
		D3367E4A1F166EDF0096B782 /* HTTPURLResponse.swift in Sources */ = {isa = PBXBuildFile; fileRef = D3367E0F1F166EDF0096B782 /* HTTPURLResponse.swift */; };
		D3367E4B1F166EDF0096B782 /* String.swift in Sources */ = {isa = PBXBuildFile; fileRef = D3367E101F166EDF0096B782 /* String.swift */; };
		D3367E4C1F166EDF0096B782 /* URLComponents.swift in Sources */ = {isa = PBXBuildFile; fileRef = D3367E111F166EDF0096B782 /* URLComponents.swift */; };
		D3367E4D1F166EDF0096B782 /* URLRequest.swift in Sources */ = {isa = PBXBuildFile; fileRef = D3367E121F166EDF0096B782 /* URLRequest.swift */; };
		D3367E4E1F166EDF0096B782 /* Functions.swift in Sources */ = {isa = PBXBuildFile; fileRef = D3367E131F166EDF0096B782 /* Functions.swift */; };
		D3367E4F1F166EDF0096B782 /* HTTPMethod.swift in Sources */ = {isa = PBXBuildFile; fileRef = D3367E141F166EDF0096B782 /* HTTPMethod.swift */; };
		D3367E501F166EDF0096B782 /* MediaAttachment.swift in Sources */ = {isa = PBXBuildFile; fileRef = D3367E151F166EDF0096B782 /* MediaAttachment.swift */; };
		D3367E511F166EDF0096B782 /* AccessScope.swift in Sources */ = {isa = PBXBuildFile; fileRef = D3367E171F166EDF0096B782 /* AccessScope.swift */; };
		D3367E521F166EDF0096B782 /* Account.swift in Sources */ = {isa = PBXBuildFile; fileRef = D3367E181F166EDF0096B782 /* Account.swift */; };
		D3367E531F166EDF0096B782 /* Application.swift in Sources */ = {isa = PBXBuildFile; fileRef = D3367E191F166EDF0096B782 /* Application.swift */; };
		D3367E541F166EDF0096B782 /* Attachment.swift in Sources */ = {isa = PBXBuildFile; fileRef = D3367E1A1F166EDF0096B782 /* Attachment.swift */; };
		D3367E551F166EDF0096B782 /* AttachmentType.swift in Sources */ = {isa = PBXBuildFile; fileRef = D3367E1B1F166EDF0096B782 /* AttachmentType.swift */; };
		D3367E561F166EDF0096B782 /* Card.swift in Sources */ = {isa = PBXBuildFile; fileRef = D3367E1C1F166EDF0096B782 /* Card.swift */; };
		D3367E571F166EDF0096B782 /* ClientApplication.swift in Sources */ = {isa = PBXBuildFile; fileRef = D3367E1D1F166EDF0096B782 /* ClientApplication.swift */; };
		D3367E581F166EDF0096B782 /* Context.swift in Sources */ = {isa = PBXBuildFile; fileRef = D3367E1E1F166EDF0096B782 /* Context.swift */; };
		D3367E591F166EDF0096B782 /* Empty.swift in Sources */ = {isa = PBXBuildFile; fileRef = D3367E1F1F166EDF0096B782 /* Empty.swift */; };
		D3367E5A1F166EDF0096B782 /* Instance.swift in Sources */ = {isa = PBXBuildFile; fileRef = D3367E201F166EDF0096B782 /* Instance.swift */; };
		D3367E5B1F166EDF0096B782 /* LoginSettings.swift in Sources */ = {isa = PBXBuildFile; fileRef = D3367E211F166EDF0096B782 /* LoginSettings.swift */; };
		D3367E5C1F166EDF0096B782 /* Mention.swift in Sources */ = {isa = PBXBuildFile; fileRef = D3367E221F166EDF0096B782 /* Mention.swift */; };
		D3367E5D1F166EDF0096B782 /* Notification.swift in Sources */ = {isa = PBXBuildFile; fileRef = D3367E231F166EDF0096B782 /* Notification.swift */; };
		D3367E5E1F166EDF0096B782 /* NotificationType.swift in Sources */ = {isa = PBXBuildFile; fileRef = D3367E241F166EDF0096B782 /* NotificationType.swift */; };
		D3367E5F1F166EDF0096B782 /* Relationship.swift in Sources */ = {isa = PBXBuildFile; fileRef = D3367E251F166EDF0096B782 /* Relationship.swift */; };
		D3367E601F166EDF0096B782 /* Report.swift in Sources */ = {isa = PBXBuildFile; fileRef = D3367E261F166EDF0096B782 /* Report.swift */; };
		D3367E611F166EDF0096B782 /* RequestError.swift in Sources */ = {isa = PBXBuildFile; fileRef = D3367E271F166EDF0096B782 /* RequestError.swift */; };
		D3367E621F166EDF0096B782 /* Results.swift in Sources */ = {isa = PBXBuildFile; fileRef = D3367E281F166EDF0096B782 /* Results.swift */; };
		D3367E631F166EDF0096B782 /* Status.swift in Sources */ = {isa = PBXBuildFile; fileRef = D3367E291F166EDF0096B782 /* Status.swift */; };
		D3367E641F166EDF0096B782 /* Tag.swift in Sources */ = {isa = PBXBuildFile; fileRef = D3367E2A1F166EDF0096B782 /* Tag.swift */; };
		D3367E651F166EDF0096B782 /* Visibility.swift in Sources */ = {isa = PBXBuildFile; fileRef = D3367E2B1F166EDF0096B782 /* Visibility.swift */; };
		D3367E661F166EDF0096B782 /* Pagination.swift in Sources */ = {isa = PBXBuildFile; fileRef = D3367E2C1F166EDF0096B782 /* Pagination.swift */; };
		D3367E671F166EDF0096B782 /* PaginationItem.swift in Sources */ = {isa = PBXBuildFile; fileRef = D3367E2D1F166EDF0096B782 /* PaginationItem.swift */; };
		D3367E681F166EDF0096B782 /* Parameter.swift in Sources */ = {isa = PBXBuildFile; fileRef = D3367E2E1F166EDF0096B782 /* Parameter.swift */; };
		D3367E691F166EDF0096B782 /* Payload.swift in Sources */ = {isa = PBXBuildFile; fileRef = D3367E2F1F166EDF0096B782 /* Payload.swift */; };
		D3367E6A1F166EDF0096B782 /* Request.swift in Sources */ = {isa = PBXBuildFile; fileRef = D3367E301F166EDF0096B782 /* Request.swift */; };
		D3367E6B1F166EDF0096B782 /* RequestParsers.swift in Sources */ = {isa = PBXBuildFile; fileRef = D3367E311F166EDF0096B782 /* RequestParsers.swift */; };
		D3367E6C1F166EDF0096B782 /* RequestRange.swift in Sources */ = {isa = PBXBuildFile; fileRef = D3367E321F166EDF0096B782 /* RequestRange.swift */; };
		D3367E6D1F166EDF0096B782 /* Accounts.swift in Sources */ = {isa = PBXBuildFile; fileRef = D3367E341F166EDF0096B782 /* Accounts.swift */; };
		D3367E6E1F166EDF0096B782 /* Blocks.swift in Sources */ = {isa = PBXBuildFile; fileRef = D3367E351F166EDF0096B782 /* Blocks.swift */; };
		D3367E6F1F166EDF0096B782 /* Clients.swift in Sources */ = {isa = PBXBuildFile; fileRef = D3367E361F166EDF0096B782 /* Clients.swift */; };
		D3367E701F166EDF0096B782 /* DomainBlocks.swift in Sources */ = {isa = PBXBuildFile; fileRef = D3367E371F166EDF0096B782 /* DomainBlocks.swift */; };
		D3367E711F166EDF0096B782 /* Favourites.swift in Sources */ = {isa = PBXBuildFile; fileRef = D3367E381F166EDF0096B782 /* Favourites.swift */; };
		D3367E721F166EDF0096B782 /* FollowRequests.swift in Sources */ = {isa = PBXBuildFile; fileRef = D3367E391F166EDF0096B782 /* FollowRequests.swift */; };
		D3367E731F166EDF0096B782 /* Instances.swift in Sources */ = {isa = PBXBuildFile; fileRef = D3367E3A1F166EDF0096B782 /* Instances.swift */; };
		D3367E741F166EDF0096B782 /* Login.swift in Sources */ = {isa = PBXBuildFile; fileRef = D3367E3B1F166EDF0096B782 /* Login.swift */; };
		D3367E751F166EDF0096B782 /* Media.swift in Sources */ = {isa = PBXBuildFile; fileRef = D3367E3C1F166EDF0096B782 /* Media.swift */; };
		D3367E761F166EDF0096B782 /* Mutes.swift in Sources */ = {isa = PBXBuildFile; fileRef = D3367E3D1F166EDF0096B782 /* Mutes.swift */; };
		D3367E771F166EDF0096B782 /* Notifications.swift in Sources */ = {isa = PBXBuildFile; fileRef = D3367E3E1F166EDF0096B782 /* Notifications.swift */; };
		D3367E781F166EDF0096B782 /* Reports.swift in Sources */ = {isa = PBXBuildFile; fileRef = D3367E3F1F166EDF0096B782 /* Reports.swift */; };
		D3367E791F166EDF0096B782 /* Search.swift in Sources */ = {isa = PBXBuildFile; fileRef = D3367E401F166EDF0096B782 /* Search.swift */; };
		D3367E7A1F166EDF0096B782 /* Statuses.swift in Sources */ = {isa = PBXBuildFile; fileRef = D3367E411F166EDF0096B782 /* Statuses.swift */; };
		D3367E7B1F166EDF0096B782 /* Timelines.swift in Sources */ = {isa = PBXBuildFile; fileRef = D3367E421F166EDF0096B782 /* Timelines.swift */; };
		D3367E7C1F166EDF0096B782 /* Result.swift in Sources */ = {isa = PBXBuildFile; fileRef = D3367E431F166EDF0096B782 /* Result.swift */; };
		D38DCD4F1F126C2600CB60D9 /* LTLSpeaker.swift in Sources */ = {isa = PBXBuildFile; fileRef = D38DCD4E1F126C2600CB60D9 /* LTLSpeaker.swift */; };
		D3C11F791EACC68E00F1863B /* ExtinctStringClass.swift in Sources */ = {isa = PBXBuildFile; fileRef = D3C11F781EACC68E00F1863B /* ExtinctStringClass.swift */; };
		D3C11F7F1EAE35AC00F1863B /* Speaker.swift in Sources */ = {isa = PBXBuildFile; fileRef = D3C11F7E1EAE35AC00F1863B /* Speaker.swift */; };
/* End PBXBuildFile section */

/* Begin PBXContainerItemProxy section */
		D32FF8EC1EACACC500AF0F1E /* PBXContainerItemProxy */ = {
			isa = PBXContainerItemProxy;
			containerPortal = D32FF8D21EACACC500AF0F1E /* Project object */;
			proxyType = 1;
			remoteGlobalIDString = D32FF8D91EACACC500AF0F1E;
			remoteInfo = CenozoicForMac;
		};
		D32FF8F71EACACC500AF0F1E /* PBXContainerItemProxy */ = {
			isa = PBXContainerItemProxy;
			containerPortal = D32FF8D21EACACC500AF0F1E /* Project object */;
			proxyType = 1;
			remoteGlobalIDString = D32FF8D91EACACC500AF0F1E;
			remoteInfo = CenozoicForMac;
		};
/* End PBXContainerItemProxy section */

/* Begin PBXCopyFilesBuildPhase section */
		D32529611F1568DB00F2AA1C /* Embed Frameworks */ = {
			isa = PBXCopyFilesBuildPhase;
			buildActionMask = 2147483647;
			dstPath = "";
			dstSubfolderSpec = 10;
			files = (
				D32529601F1568DB00F2AA1C /* Magnet.framework in Embed Frameworks */,
			);
			name = "Embed Frameworks";
			runOnlyForDeploymentPostprocessing = 0;
		};
/* End PBXCopyFilesBuildPhase section */

/* Begin PBXFileReference section */
		D325295B1F1568BD00F2AA1C /* Build */ = {isa = PBXFileReference; lastKnownFileType = folder; name = Build; path = Carthage/Build; sourceTree = "<group>"; };
		D325295D1F1568D500F2AA1C /* Magnet.framework */ = {isa = PBXFileReference; lastKnownFileType = wrapper.framework; name = Magnet.framework; path = Carthage/Build/Mac/Magnet.framework; sourceTree = "<group>"; };
		D32FF8DA1EACACC500AF0F1E /* CenozoicForMac.app */ = {isa = PBXFileReference; explicitFileType = wrapper.application; includeInIndex = 0; path = CenozoicForMac.app; sourceTree = BUILT_PRODUCTS_DIR; };
		D32FF8DD1EACACC500AF0F1E /* AppDelegate.swift */ = {isa = PBXFileReference; lastKnownFileType = sourcecode.swift; path = AppDelegate.swift; sourceTree = "<group>"; };
		D32FF8DF1EACACC500AF0F1E /* ViewController.swift */ = {isa = PBXFileReference; lastKnownFileType = sourcecode.swift; path = ViewController.swift; sourceTree = "<group>"; };
		D32FF8E11EACACC500AF0F1E /* Assets.xcassets */ = {isa = PBXFileReference; lastKnownFileType = folder.assetcatalog; path = Assets.xcassets; sourceTree = "<group>"; };
		D32FF8E41EACACC500AF0F1E /* Base */ = {isa = PBXFileReference; lastKnownFileType = file.storyboard; name = Base; path = Base.lproj/Main.storyboard; sourceTree = "<group>"; };
		D32FF8E61EACACC500AF0F1E /* Info.plist */ = {isa = PBXFileReference; lastKnownFileType = text.plist.xml; path = Info.plist; sourceTree = "<group>"; };
		D32FF8EB1EACACC500AF0F1E /* CenozoicForMacTests.xctest */ = {isa = PBXFileReference; explicitFileType = wrapper.cfbundle; includeInIndex = 0; path = CenozoicForMacTests.xctest; sourceTree = BUILT_PRODUCTS_DIR; };
		D32FF8EF1EACACC500AF0F1E /* CenozoicForMacTests.swift */ = {isa = PBXFileReference; lastKnownFileType = sourcecode.swift; path = CenozoicForMacTests.swift; sourceTree = "<group>"; };
		D32FF8F11EACACC500AF0F1E /* Info.plist */ = {isa = PBXFileReference; lastKnownFileType = text.plist.xml; path = Info.plist; sourceTree = "<group>"; };
		D32FF8F61EACACC500AF0F1E /* CenozoicForMacUITests.xctest */ = {isa = PBXFileReference; explicitFileType = wrapper.cfbundle; includeInIndex = 0; path = CenozoicForMacUITests.xctest; sourceTree = BUILT_PRODUCTS_DIR; };
		D32FF8FA1EACACC500AF0F1E /* CenozoicForMacUITests.swift */ = {isa = PBXFileReference; lastKnownFileType = sourcecode.swift; path = CenozoicForMacUITests.swift; sourceTree = "<group>"; };
		D32FF8FC1EACACC500AF0F1E /* Info.plist */ = {isa = PBXFileReference; lastKnownFileType = text.plist.xml; path = Info.plist; sourceTree = "<group>"; };
		D3367DE01F166CFE0096B782 /* MastodonManager.swift */ = {isa = PBXFileReference; fileEncoding = 4; lastKnownFileType = sourcecode.swift; path = MastodonManager.swift; sourceTree = "<group>"; };
		D3367E081F166EDF0096B782 /* Client.swift */ = {isa = PBXFileReference; fileEncoding = 4; lastKnownFileType = sourcecode.swift; path = Client.swift; sourceTree = "<group>"; };
		D3367E091F166EDF0096B782 /* ClientError.swift */ = {isa = PBXFileReference; fileEncoding = 4; lastKnownFileType = sourcecode.swift; path = ClientError.swift; sourceTree = "<group>"; };
		D3367E0A1F166EDF0096B782 /* ClientProtocol.swift */ = {isa = PBXFileReference; fileEncoding = 4; lastKnownFileType = sourcecode.swift; path = ClientProtocol.swift; sourceTree = "<group>"; };
		D3367E0C1F166EDF0096B782 /* CharacterSet.swift */ = {isa = PBXFileReference; fileEncoding = 4; lastKnownFileType = sourcecode.swift; path = CharacterSet.swift; sourceTree = "<group>"; };
		D3367E0D1F166EDF0096B782 /* Data.swift */ = {isa = PBXFileReference; fileEncoding = 4; lastKnownFileType = sourcecode.swift; path = Data.swift; sourceTree = "<group>"; };
		D3367E0E1F166EDF0096B782 /* DateFormatter.swift */ = {isa = PBXFileReference; fileEncoding = 4; lastKnownFileType = sourcecode.swift; path = DateFormatter.swift; sourceTree = "<group>"; };
		D3367E0F1F166EDF0096B782 /* HTTPURLResponse.swift */ = {isa = PBXFileReference; fileEncoding = 4; lastKnownFileType = sourcecode.swift; path = HTTPURLResponse.swift; sourceTree = "<group>"; };
		D3367E101F166EDF0096B782 /* String.swift */ = {isa = PBXFileReference; fileEncoding = 4; lastKnownFileType = sourcecode.swift; path = String.swift; sourceTree = "<group>"; };
		D3367E111F166EDF0096B782 /* URLComponents.swift */ = {isa = PBXFileReference; fileEncoding = 4; lastKnownFileType = sourcecode.swift; path = URLComponents.swift; sourceTree = "<group>"; };
		D3367E121F166EDF0096B782 /* URLRequest.swift */ = {isa = PBXFileReference; fileEncoding = 4; lastKnownFileType = sourcecode.swift; path = URLRequest.swift; sourceTree = "<group>"; };
		D3367E131F166EDF0096B782 /* Functions.swift */ = {isa = PBXFileReference; fileEncoding = 4; lastKnownFileType = sourcecode.swift; path = Functions.swift; sourceTree = "<group>"; };
		D3367E141F166EDF0096B782 /* HTTPMethod.swift */ = {isa = PBXFileReference; fileEncoding = 4; lastKnownFileType = sourcecode.swift; path = HTTPMethod.swift; sourceTree = "<group>"; };
		D3367E151F166EDF0096B782 /* MediaAttachment.swift */ = {isa = PBXFileReference; fileEncoding = 4; lastKnownFileType = sourcecode.swift; path = MediaAttachment.swift; sourceTree = "<group>"; };
		D3367E171F166EDF0096B782 /* AccessScope.swift */ = {isa = PBXFileReference; fileEncoding = 4; lastKnownFileType = sourcecode.swift; path = AccessScope.swift; sourceTree = "<group>"; };
		D3367E181F166EDF0096B782 /* Account.swift */ = {isa = PBXFileReference; fileEncoding = 4; lastKnownFileType = sourcecode.swift; path = Account.swift; sourceTree = "<group>"; };
		D3367E191F166EDF0096B782 /* Application.swift */ = {isa = PBXFileReference; fileEncoding = 4; lastKnownFileType = sourcecode.swift; path = Application.swift; sourceTree = "<group>"; };
		D3367E1A1F166EDF0096B782 /* Attachment.swift */ = {isa = PBXFileReference; fileEncoding = 4; lastKnownFileType = sourcecode.swift; path = Attachment.swift; sourceTree = "<group>"; };
		D3367E1B1F166EDF0096B782 /* AttachmentType.swift */ = {isa = PBXFileReference; fileEncoding = 4; lastKnownFileType = sourcecode.swift; path = AttachmentType.swift; sourceTree = "<group>"; };
		D3367E1C1F166EDF0096B782 /* Card.swift */ = {isa = PBXFileReference; fileEncoding = 4; lastKnownFileType = sourcecode.swift; path = Card.swift; sourceTree = "<group>"; };
		D3367E1D1F166EDF0096B782 /* ClientApplication.swift */ = {isa = PBXFileReference; fileEncoding = 4; lastKnownFileType = sourcecode.swift; path = ClientApplication.swift; sourceTree = "<group>"; };
		D3367E1E1F166EDF0096B782 /* Context.swift */ = {isa = PBXFileReference; fileEncoding = 4; lastKnownFileType = sourcecode.swift; path = Context.swift; sourceTree = "<group>"; };
		D3367E1F1F166EDF0096B782 /* Empty.swift */ = {isa = PBXFileReference; fileEncoding = 4; lastKnownFileType = sourcecode.swift; path = Empty.swift; sourceTree = "<group>"; };
		D3367E201F166EDF0096B782 /* Instance.swift */ = {isa = PBXFileReference; fileEncoding = 4; lastKnownFileType = sourcecode.swift; path = Instance.swift; sourceTree = "<group>"; };
		D3367E211F166EDF0096B782 /* LoginSettings.swift */ = {isa = PBXFileReference; fileEncoding = 4; lastKnownFileType = sourcecode.swift; path = LoginSettings.swift; sourceTree = "<group>"; };
		D3367E221F166EDF0096B782 /* Mention.swift */ = {isa = PBXFileReference; fileEncoding = 4; lastKnownFileType = sourcecode.swift; path = Mention.swift; sourceTree = "<group>"; };
		D3367E231F166EDF0096B782 /* Notification.swift */ = {isa = PBXFileReference; fileEncoding = 4; lastKnownFileType = sourcecode.swift; path = Notification.swift; sourceTree = "<group>"; };
		D3367E241F166EDF0096B782 /* NotificationType.swift */ = {isa = PBXFileReference; fileEncoding = 4; lastKnownFileType = sourcecode.swift; path = NotificationType.swift; sourceTree = "<group>"; };
		D3367E251F166EDF0096B782 /* Relationship.swift */ = {isa = PBXFileReference; fileEncoding = 4; lastKnownFileType = sourcecode.swift; path = Relationship.swift; sourceTree = "<group>"; };
		D3367E261F166EDF0096B782 /* Report.swift */ = {isa = PBXFileReference; fileEncoding = 4; lastKnownFileType = sourcecode.swift; path = Report.swift; sourceTree = "<group>"; };
		D3367E271F166EDF0096B782 /* RequestError.swift */ = {isa = PBXFileReference; fileEncoding = 4; lastKnownFileType = sourcecode.swift; path = RequestError.swift; sourceTree = "<group>"; };
		D3367E281F166EDF0096B782 /* Results.swift */ = {isa = PBXFileReference; fileEncoding = 4; lastKnownFileType = sourcecode.swift; path = Results.swift; sourceTree = "<group>"; };
		D3367E291F166EDF0096B782 /* Status.swift */ = {isa = PBXFileReference; fileEncoding = 4; lastKnownFileType = sourcecode.swift; path = Status.swift; sourceTree = "<group>"; };
		D3367E2A1F166EDF0096B782 /* Tag.swift */ = {isa = PBXFileReference; fileEncoding = 4; lastKnownFileType = sourcecode.swift; path = Tag.swift; sourceTree = "<group>"; };
		D3367E2B1F166EDF0096B782 /* Visibility.swift */ = {isa = PBXFileReference; fileEncoding = 4; lastKnownFileType = sourcecode.swift; path = Visibility.swift; sourceTree = "<group>"; };
		D3367E2C1F166EDF0096B782 /* Pagination.swift */ = {isa = PBXFileReference; fileEncoding = 4; lastKnownFileType = sourcecode.swift; path = Pagination.swift; sourceTree = "<group>"; };
		D3367E2D1F166EDF0096B782 /* PaginationItem.swift */ = {isa = PBXFileReference; fileEncoding = 4; lastKnownFileType = sourcecode.swift; path = PaginationItem.swift; sourceTree = "<group>"; };
		D3367E2E1F166EDF0096B782 /* Parameter.swift */ = {isa = PBXFileReference; fileEncoding = 4; lastKnownFileType = sourcecode.swift; path = Parameter.swift; sourceTree = "<group>"; };
		D3367E2F1F166EDF0096B782 /* Payload.swift */ = {isa = PBXFileReference; fileEncoding = 4; lastKnownFileType = sourcecode.swift; path = Payload.swift; sourceTree = "<group>"; };
		D3367E301F166EDF0096B782 /* Request.swift */ = {isa = PBXFileReference; fileEncoding = 4; lastKnownFileType = sourcecode.swift; path = Request.swift; sourceTree = "<group>"; };
		D3367E311F166EDF0096B782 /* RequestParsers.swift */ = {isa = PBXFileReference; fileEncoding = 4; lastKnownFileType = sourcecode.swift; path = RequestParsers.swift; sourceTree = "<group>"; };
		D3367E321F166EDF0096B782 /* RequestRange.swift */ = {isa = PBXFileReference; fileEncoding = 4; lastKnownFileType = sourcecode.swift; path = RequestRange.swift; sourceTree = "<group>"; };
		D3367E341F166EDF0096B782 /* Accounts.swift */ = {isa = PBXFileReference; fileEncoding = 4; lastKnownFileType = sourcecode.swift; path = Accounts.swift; sourceTree = "<group>"; };
		D3367E351F166EDF0096B782 /* Blocks.swift */ = {isa = PBXFileReference; fileEncoding = 4; lastKnownFileType = sourcecode.swift; path = Blocks.swift; sourceTree = "<group>"; };
		D3367E361F166EDF0096B782 /* Clients.swift */ = {isa = PBXFileReference; fileEncoding = 4; lastKnownFileType = sourcecode.swift; path = Clients.swift; sourceTree = "<group>"; };
		D3367E371F166EDF0096B782 /* DomainBlocks.swift */ = {isa = PBXFileReference; fileEncoding = 4; lastKnownFileType = sourcecode.swift; path = DomainBlocks.swift; sourceTree = "<group>"; };
		D3367E381F166EDF0096B782 /* Favourites.swift */ = {isa = PBXFileReference; fileEncoding = 4; lastKnownFileType = sourcecode.swift; path = Favourites.swift; sourceTree = "<group>"; };
		D3367E391F166EDF0096B782 /* FollowRequests.swift */ = {isa = PBXFileReference; fileEncoding = 4; lastKnownFileType = sourcecode.swift; path = FollowRequests.swift; sourceTree = "<group>"; };
		D3367E3A1F166EDF0096B782 /* Instances.swift */ = {isa = PBXFileReference; fileEncoding = 4; lastKnownFileType = sourcecode.swift; path = Instances.swift; sourceTree = "<group>"; };
		D3367E3B1F166EDF0096B782 /* Login.swift */ = {isa = PBXFileReference; fileEncoding = 4; lastKnownFileType = sourcecode.swift; path = Login.swift; sourceTree = "<group>"; };
		D3367E3C1F166EDF0096B782 /* Media.swift */ = {isa = PBXFileReference; fileEncoding = 4; lastKnownFileType = sourcecode.swift; path = Media.swift; sourceTree = "<group>"; };
		D3367E3D1F166EDF0096B782 /* Mutes.swift */ = {isa = PBXFileReference; fileEncoding = 4; lastKnownFileType = sourcecode.swift; path = Mutes.swift; sourceTree = "<group>"; };
		D3367E3E1F166EDF0096B782 /* Notifications.swift */ = {isa = PBXFileReference; fileEncoding = 4; lastKnownFileType = sourcecode.swift; path = Notifications.swift; sourceTree = "<group>"; };
		D3367E3F1F166EDF0096B782 /* Reports.swift */ = {isa = PBXFileReference; fileEncoding = 4; lastKnownFileType = sourcecode.swift; path = Reports.swift; sourceTree = "<group>"; };
		D3367E401F166EDF0096B782 /* Search.swift */ = {isa = PBXFileReference; fileEncoding = 4; lastKnownFileType = sourcecode.swift; path = Search.swift; sourceTree = "<group>"; };
		D3367E411F166EDF0096B782 /* Statuses.swift */ = {isa = PBXFileReference; fileEncoding = 4; lastKnownFileType = sourcecode.swift; path = Statuses.swift; sourceTree = "<group>"; };
		D3367E421F166EDF0096B782 /* Timelines.swift */ = {isa = PBXFileReference; fileEncoding = 4; lastKnownFileType = sourcecode.swift; path = Timelines.swift; sourceTree = "<group>"; };
		D3367E431F166EDF0096B782 /* Result.swift */ = {isa = PBXFileReference; fileEncoding = 4; lastKnownFileType = sourcecode.swift; path = Result.swift; sourceTree = "<group>"; };
		D38DCD4E1F126C2600CB60D9 /* LTLSpeaker.swift */ = {isa = PBXFileReference; fileEncoding = 4; lastKnownFileType = sourcecode.swift; path = LTLSpeaker.swift; sourceTree = "<group>"; };
		D3C11F781EACC68E00F1863B /* ExtinctStringClass.swift */ = {isa = PBXFileReference; fileEncoding = 4; lastKnownFileType = sourcecode.swift; path = ExtinctStringClass.swift; sourceTree = "<group>"; };
		D3C11F7E1EAE35AC00F1863B /* Speaker.swift */ = {isa = PBXFileReference; fileEncoding = 4; lastKnownFileType = sourcecode.swift; path = Speaker.swift; sourceTree = "<group>"; };
/* End PBXFileReference section */

/* Begin PBXFrameworksBuildPhase section */
		D32FF8D71EACACC500AF0F1E /* Frameworks */ = {
			isa = PBXFrameworksBuildPhase;
			buildActionMask = 2147483647;
			files = (
				D325295F1F1568DB00F2AA1C /* Magnet.framework in Frameworks */,
			);
			runOnlyForDeploymentPostprocessing = 0;
		};
		D32FF8E81EACACC500AF0F1E /* Frameworks */ = {
			isa = PBXFrameworksBuildPhase;
			buildActionMask = 2147483647;
			files = (
			);
			runOnlyForDeploymentPostprocessing = 0;
		};
		D32FF8F31EACACC500AF0F1E /* Frameworks */ = {
			isa = PBXFrameworksBuildPhase;
			buildActionMask = 2147483647;
			files = (
			);
			runOnlyForDeploymentPostprocessing = 0;
		};
/* End PBXFrameworksBuildPhase section */

/* Begin PBXGroup section */
		D325295C1F1568D400F2AA1C /* Frameworks */ = {
			isa = PBXGroup;
			children = (
				D325295D1F1568D500F2AA1C /* Magnet.framework */,
			);
			name = Frameworks;
			sourceTree = "<group>";
		};
		D32FF8D11EACACC500AF0F1E = {
			isa = PBXGroup;
			children = (
				D325295B1F1568BD00F2AA1C /* Build */,
				D32FF8DC1EACACC500AF0F1E /* CenozoicForMac */,
				D32FF8EE1EACACC500AF0F1E /* CenozoicForMacTests */,
				D32FF8F91EACACC500AF0F1E /* CenozoicForMacUITests */,
				D32FF8DB1EACACC500AF0F1E /* Products */,
				D325295C1F1568D400F2AA1C /* Frameworks */,
			);
			sourceTree = "<group>";
		};
		D32FF8DB1EACACC500AF0F1E /* Products */ = {
			isa = PBXGroup;
			children = (
				D32FF8DA1EACACC500AF0F1E /* CenozoicForMac.app */,
				D32FF8EB1EACACC500AF0F1E /* CenozoicForMacTests.xctest */,
				D32FF8F61EACACC500AF0F1E /* CenozoicForMacUITests.xctest */,
			);
			name = Products;
			sourceTree = "<group>";
		};
		D32FF8DC1EACACC500AF0F1E /* CenozoicForMac */ = {
			isa = PBXGroup;
			children = (
				D3367E071F166EDF0096B782 /* MastodonKit */,
				D3C11F7E1EAE35AC00F1863B /* Speaker.swift */,
				D38DCD4E1F126C2600CB60D9 /* LTLSpeaker.swift */,
				D32FF8DD1EACACC500AF0F1E /* AppDelegate.swift */,
				D3367DE01F166CFE0096B782 /* MastodonManager.swift */,
				D32FF8DF1EACACC500AF0F1E /* ViewController.swift */,
				D3C11F781EACC68E00F1863B /* ExtinctStringClass.swift */,
				D32FF8E11EACACC500AF0F1E /* Assets.xcassets */,
				D32FF8E31EACACC500AF0F1E /* Main.storyboard */,
				D32FF8E61EACACC500AF0F1E /* Info.plist */,
			);
			path = CenozoicForMac;
			sourceTree = "<group>";
		};
		D32FF8EE1EACACC500AF0F1E /* CenozoicForMacTests */ = {
			isa = PBXGroup;
			children = (
				D32FF8EF1EACACC500AF0F1E /* CenozoicForMacTests.swift */,
				D32FF8F11EACACC500AF0F1E /* Info.plist */,
			);
			path = CenozoicForMacTests;
			sourceTree = "<group>";
		};
		D32FF8F91EACACC500AF0F1E /* CenozoicForMacUITests */ = {
			isa = PBXGroup;
			children = (
				D32FF8FA1EACACC500AF0F1E /* CenozoicForMacUITests.swift */,
				D32FF8FC1EACACC500AF0F1E /* Info.plist */,
			);
			path = CenozoicForMacUITests;
			sourceTree = "<group>";
		};
		D3367E071F166EDF0096B782 /* MastodonKit */ = {
			isa = PBXGroup;
			children = (
				D3367E081F166EDF0096B782 /* Client.swift */,
				D3367E091F166EDF0096B782 /* ClientError.swift */,
				D3367E0A1F166EDF0096B782 /* ClientProtocol.swift */,
				D3367E0B1F166EDF0096B782 /* Foundation */,
				D3367E131F166EDF0096B782 /* Functions.swift */,
				D3367E141F166EDF0096B782 /* HTTPMethod.swift */,
				D3367E151F166EDF0096B782 /* MediaAttachment.swift */,
				D3367E161F166EDF0096B782 /* Models */,
				D3367E2C1F166EDF0096B782 /* Pagination.swift */,
				D3367E2D1F166EDF0096B782 /* PaginationItem.swift */,
				D3367E2E1F166EDF0096B782 /* Parameter.swift */,
				D3367E2F1F166EDF0096B782 /* Payload.swift */,
				D3367E301F166EDF0096B782 /* Request.swift */,
				D3367E311F166EDF0096B782 /* RequestParsers.swift */,
				D3367E321F166EDF0096B782 /* RequestRange.swift */,
				D3367E331F166EDF0096B782 /* Requests */,
				D3367E431F166EDF0096B782 /* Result.swift */,
			);
			path = MastodonKit;
			sourceTree = "<group>";
		};
		D3367E0B1F166EDF0096B782 /* Foundation */ = {
			isa = PBXGroup;
			children = (
				D3367E0C1F166EDF0096B782 /* CharacterSet.swift */,
				D3367E0D1F166EDF0096B782 /* Data.swift */,
				D3367E0E1F166EDF0096B782 /* DateFormatter.swift */,
				D3367E0F1F166EDF0096B782 /* HTTPURLResponse.swift */,
				D3367E101F166EDF0096B782 /* String.swift */,
				D3367E111F166EDF0096B782 /* URLComponents.swift */,
				D3367E121F166EDF0096B782 /* URLRequest.swift */,
			);
			path = Foundation;
			sourceTree = "<group>";
		};
		D3367E161F166EDF0096B782 /* Models */ = {
			isa = PBXGroup;
			children = (
				D3367E171F166EDF0096B782 /* AccessScope.swift */,
				D3367E181F166EDF0096B782 /* Account.swift */,
				D3367E191F166EDF0096B782 /* Application.swift */,
				D3367E1A1F166EDF0096B782 /* Attachment.swift */,
				D3367E1B1F166EDF0096B782 /* AttachmentType.swift */,
				D3367E1C1F166EDF0096B782 /* Card.swift */,
				D3367E1D1F166EDF0096B782 /* ClientApplication.swift */,
				D3367E1E1F166EDF0096B782 /* Context.swift */,
				D3367E1F1F166EDF0096B782 /* Empty.swift */,
				D3367E201F166EDF0096B782 /* Instance.swift */,
				D3367E211F166EDF0096B782 /* LoginSettings.swift */,
				D3367E221F166EDF0096B782 /* Mention.swift */,
				D3367E231F166EDF0096B782 /* Notification.swift */,
				D3367E241F166EDF0096B782 /* NotificationType.swift */,
				D3367E251F166EDF0096B782 /* Relationship.swift */,
				D3367E261F166EDF0096B782 /* Report.swift */,
				D3367E271F166EDF0096B782 /* RequestError.swift */,
				D3367E281F166EDF0096B782 /* Results.swift */,
				D3367E291F166EDF0096B782 /* Status.swift */,
				D3367E2A1F166EDF0096B782 /* Tag.swift */,
				D3367E2B1F166EDF0096B782 /* Visibility.swift */,
			);
			path = Models;
			sourceTree = "<group>";
		};
		D3367E331F166EDF0096B782 /* Requests */ = {
			isa = PBXGroup;
			children = (
				D3367E341F166EDF0096B782 /* Accounts.swift */,
				D3367E351F166EDF0096B782 /* Blocks.swift */,
				D3367E361F166EDF0096B782 /* Clients.swift */,
				D3367E371F166EDF0096B782 /* DomainBlocks.swift */,
				D3367E381F166EDF0096B782 /* Favourites.swift */,
				D3367E391F166EDF0096B782 /* FollowRequests.swift */,
				D3367E3A1F166EDF0096B782 /* Instances.swift */,
				D3367E3B1F166EDF0096B782 /* Login.swift */,
				D3367E3C1F166EDF0096B782 /* Media.swift */,
				D3367E3D1F166EDF0096B782 /* Mutes.swift */,
				D3367E3E1F166EDF0096B782 /* Notifications.swift */,
				D3367E3F1F166EDF0096B782 /* Reports.swift */,
				D3367E401F166EDF0096B782 /* Search.swift */,
				D3367E411F166EDF0096B782 /* Statuses.swift */,
				D3367E421F166EDF0096B782 /* Timelines.swift */,
			);
			path = Requests;
			sourceTree = "<group>";
		};
/* End PBXGroup section */

/* Begin PBXNativeTarget section */
		D32FF8D91EACACC500AF0F1E /* CenozoicForMac */ = {
			isa = PBXNativeTarget;
			buildConfigurationList = D32FF8FF1EACACC500AF0F1E /* Build configuration list for PBXNativeTarget "CenozoicForMac" */;
			buildPhases = (
				D32FF8D61EACACC500AF0F1E /* Sources */,
				D32FF8D71EACACC500AF0F1E /* Frameworks */,
				D32FF8D81EACACC500AF0F1E /* Resources */,
				D32529611F1568DB00F2AA1C /* Embed Frameworks */,
			);
			buildRules = (
			);
			dependencies = (
			);
			name = CenozoicForMac;
			productName = CenozoicForMac;
			productReference = D32FF8DA1EACACC500AF0F1E /* CenozoicForMac.app */;
			productType = "com.apple.product-type.application";
		};
		D32FF8EA1EACACC500AF0F1E /* CenozoicForMacTests */ = {
			isa = PBXNativeTarget;
			buildConfigurationList = D32FF9021EACACC500AF0F1E /* Build configuration list for PBXNativeTarget "CenozoicForMacTests" */;
			buildPhases = (
				D32FF8E71EACACC500AF0F1E /* Sources */,
				D32FF8E81EACACC500AF0F1E /* Frameworks */,
				D32FF8E91EACACC500AF0F1E /* Resources */,
			);
			buildRules = (
			);
			dependencies = (
				D32FF8ED1EACACC500AF0F1E /* PBXTargetDependency */,
			);
			name = CenozoicForMacTests;
			productName = CenozoicForMacTests;
			productReference = D32FF8EB1EACACC500AF0F1E /* CenozoicForMacTests.xctest */;
			productType = "com.apple.product-type.bundle.unit-test";
		};
		D32FF8F51EACACC500AF0F1E /* CenozoicForMacUITests */ = {
			isa = PBXNativeTarget;
			buildConfigurationList = D32FF9051EACACC500AF0F1E /* Build configuration list for PBXNativeTarget "CenozoicForMacUITests" */;
			buildPhases = (
				D32FF8F21EACACC500AF0F1E /* Sources */,
				D32FF8F31EACACC500AF0F1E /* Frameworks */,
				D32FF8F41EACACC500AF0F1E /* Resources */,
			);
			buildRules = (
			);
			dependencies = (
				D32FF8F81EACACC500AF0F1E /* PBXTargetDependency */,
			);
			name = CenozoicForMacUITests;
			productName = CenozoicForMacUITests;
			productReference = D32FF8F61EACACC500AF0F1E /* CenozoicForMacUITests.xctest */;
			productType = "com.apple.product-type.bundle.ui-testing";
		};
/* End PBXNativeTarget section */

/* Begin PBXProject section */
		D32FF8D21EACACC500AF0F1E /* Project object */ = {
			isa = PBXProject;
			attributes = {
				LastSwiftUpdateCheck = 0830;
				LastUpgradeCheck = 0830;
				ORGANIZATIONNAME = "Kazuhiro S";
				TargetAttributes = {
					D32FF8D91EACACC500AF0F1E = {
						CreatedOnToolsVersion = 8.3.2;
						DevelopmentTeam = C6P4627NL8;
						ProvisioningStyle = Automatic;
					};
					D32FF8EA1EACACC500AF0F1E = {
						CreatedOnToolsVersion = 8.3.2;
						DevelopmentTeam = C6P4627NL8;
						ProvisioningStyle = Automatic;
						TestTargetID = D32FF8D91EACACC500AF0F1E;
					};
					D32FF8F51EACACC500AF0F1E = {
						CreatedOnToolsVersion = 8.3.2;
						DevelopmentTeam = C6P4627NL8;
						ProvisioningStyle = Automatic;
						TestTargetID = D32FF8D91EACACC500AF0F1E;
					};
				};
			};
			buildConfigurationList = D32FF8D51EACACC500AF0F1E /* Build configuration list for PBXProject "CenozoicForMac" */;
			compatibilityVersion = "Xcode 3.2";
			developmentRegion = English;
			hasScannedForEncodings = 0;
			knownRegions = (
				en,
				Base,
			);
			mainGroup = D32FF8D11EACACC500AF0F1E;
			productRefGroup = D32FF8DB1EACACC500AF0F1E /* Products */;
			projectDirPath = "";
			projectRoot = "";
			targets = (
				D32FF8D91EACACC500AF0F1E /* CenozoicForMac */,
				D32FF8EA1EACACC500AF0F1E /* CenozoicForMacTests */,
				D32FF8F51EACACC500AF0F1E /* CenozoicForMacUITests */,
			);
		};
/* End PBXProject section */

/* Begin PBXResourcesBuildPhase section */
		D32FF8D81EACACC500AF0F1E /* Resources */ = {
			isa = PBXResourcesBuildPhase;
			buildActionMask = 2147483647;
			files = (
				D32FF8E21EACACC500AF0F1E /* Assets.xcassets in Resources */,
				D32FF8E51EACACC500AF0F1E /* Main.storyboard in Resources */,
			);
			runOnlyForDeploymentPostprocessing = 0;
		};
		D32FF8E91EACACC500AF0F1E /* Resources */ = {
			isa = PBXResourcesBuildPhase;
			buildActionMask = 2147483647;
			files = (
			);
			runOnlyForDeploymentPostprocessing = 0;
		};
		D32FF8F41EACACC500AF0F1E /* Resources */ = {
			isa = PBXResourcesBuildPhase;
			buildActionMask = 2147483647;
			files = (
			);
			runOnlyForDeploymentPostprocessing = 0;
		};
/* End PBXResourcesBuildPhase section */

/* Begin PBXSourcesBuildPhase section */
		D32FF8D61EACACC500AF0F1E /* Sources */ = {
			isa = PBXSourcesBuildPhase;
			buildActionMask = 2147483647;
			files = (
				D3367E491F166EDF0096B782 /* DateFormatter.swift in Sources */,
				D3367E501F166EDF0096B782 /* MediaAttachment.swift in Sources */,
				D3367E781F166EDF0096B782 /* Reports.swift in Sources */,
				D3367E771F166EDF0096B782 /* Notifications.swift in Sources */,
				D3367E7B1F166EDF0096B782 /* Timelines.swift in Sources */,
				D3367E761F166EDF0096B782 /* Mutes.swift in Sources */,
				D3367E561F166EDF0096B782 /* Card.swift in Sources */,
				D3367E531F166EDF0096B782 /* Application.swift in Sources */,
				D3367E5A1F166EDF0096B782 /* Instance.swift in Sources */,
				D32FF8E01EACACC500AF0F1E /* ViewController.swift in Sources */,
				D3367E591F166EDF0096B782 /* Empty.swift in Sources */,
				D3367E6A1F166EDF0096B782 /* Request.swift in Sources */,
				D3367E4A1F166EDF0096B782 /* HTTPURLResponse.swift in Sources */,
				D3367E661F166EDF0096B782 /* Pagination.swift in Sources */,
				D3367E721F166EDF0096B782 /* FollowRequests.swift in Sources */,
				D3367E611F166EDF0096B782 /* RequestError.swift in Sources */,
				D3367E441F166EDF0096B782 /* Client.swift in Sources */,
				D3367E6E1F166EDF0096B782 /* Blocks.swift in Sources */,
				D3367E7C1F166EDF0096B782 /* Result.swift in Sources */,
				D3367E4B1F166EDF0096B782 /* String.swift in Sources */,
				D3367E5B1F166EDF0096B782 /* LoginSettings.swift in Sources */,
				D3367E641F166EDF0096B782 /* Tag.swift in Sources */,
				D3367E5F1F166EDF0096B782 /* Relationship.swift in Sources */,
				D38DCD4F1F126C2600CB60D9 /* LTLSpeaker.swift in Sources */,
				D3C11F791EACC68E00F1863B /* ExtinctStringClass.swift in Sources */,
				D3367E4D1F166EDF0096B782 /* URLRequest.swift in Sources */,
				D3367E691F166EDF0096B782 /* Payload.swift in Sources */,
				D3367E621F166EDF0096B782 /* Results.swift in Sources */,
				D3367E631F166EDF0096B782 /* Status.swift in Sources */,
				D3367E6B1F166EDF0096B782 /* RequestParsers.swift in Sources */,
				D3367E571F166EDF0096B782 /* ClientApplication.swift in Sources */,
				D3367E601F166EDF0096B782 /* Report.swift in Sources */,
				D3367E481F166EDF0096B782 /* Data.swift in Sources */,
				D32FF8DE1EACACC500AF0F1E /* AppDelegate.swift in Sources */,
				D3367E6C1F166EDF0096B782 /* RequestRange.swift in Sources */,
				D3367E751F166EDF0096B782 /* Media.swift in Sources */,
				D3367E451F166EDF0096B782 /* ClientError.swift in Sources */,
				D3367E741F166EDF0096B782 /* Login.swift in Sources */,
				D3367E581F166EDF0096B782 /* Context.swift in Sources */,
				D3367E711F166EDF0096B782 /* Favourites.swift in Sources */,
				D3367E5C1F166EDF0096B782 /* Mention.swift in Sources */,
				D3367E5D1F166EDF0096B782 /* Notification.swift in Sources */,
				D3367E511F166EDF0096B782 /* AccessScope.swift in Sources */,
				D3367E4E1F166EDF0096B782 /* Functions.swift in Sources */,
				D3367E461F166EDF0096B782 /* ClientProtocol.swift in Sources */,
				D3367DE11F166CFE0096B782 /* MastodonManager.swift in Sources */,
				D3367E541F166EDF0096B782 /* Attachment.swift in Sources */,
				D3367E551F166EDF0096B782 /* AttachmentType.swift in Sources */,
				D3367E701F166EDF0096B782 /* DomainBlocks.swift in Sources */,
				D3367E671F166EDF0096B782 /* PaginationItem.swift in Sources */,
				D3367E4F1F166EDF0096B782 /* HTTPMethod.swift in Sources */,
				D3367E4C1F166EDF0096B782 /* URLComponents.swift in Sources */,
				D3367E6D1F166EDF0096B782 /* Accounts.swift in Sources */,
				D3367E651F166EDF0096B782 /* Visibility.swift in Sources */,
				D3367E6F1F166EDF0096B782 /* Clients.swift in Sources */,
				D3367E471F166EDF0096B782 /* CharacterSet.swift in Sources */,
				D3C11F7F1EAE35AC00F1863B /* Speaker.swift in Sources */,
				D3367E731F166EDF0096B782 /* Instances.swift in Sources */,
				D3367E7A1F166EDF0096B782 /* Statuses.swift in Sources */,
				D3367E5E1F166EDF0096B782 /* NotificationType.swift in Sources */,
				D3367E791F166EDF0096B782 /* Search.swift in Sources */,
				D3367E521F166EDF0096B782 /* Account.swift in Sources */,
				D3367E681F166EDF0096B782 /* Parameter.swift in Sources */,
			);
			runOnlyForDeploymentPostprocessing = 0;
		};
		D32FF8E71EACACC500AF0F1E /* Sources */ = {
			isa = PBXSourcesBuildPhase;
			buildActionMask = 2147483647;
			files = (
				D32FF8F01EACACC500AF0F1E /* CenozoicForMacTests.swift in Sources */,
			);
			runOnlyForDeploymentPostprocessing = 0;
		};
		D32FF8F21EACACC500AF0F1E /* Sources */ = {
			isa = PBXSourcesBuildPhase;
			buildActionMask = 2147483647;
			files = (
				D32FF8FB1EACACC500AF0F1E /* CenozoicForMacUITests.swift in Sources */,
			);
			runOnlyForDeploymentPostprocessing = 0;
		};
/* End PBXSourcesBuildPhase section */

/* Begin PBXTargetDependency section */
		D32FF8ED1EACACC500AF0F1E /* PBXTargetDependency */ = {
			isa = PBXTargetDependency;
			target = D32FF8D91EACACC500AF0F1E /* CenozoicForMac */;
			targetProxy = D32FF8EC1EACACC500AF0F1E /* PBXContainerItemProxy */;
		};
		D32FF8F81EACACC500AF0F1E /* PBXTargetDependency */ = {
			isa = PBXTargetDependency;
			target = D32FF8D91EACACC500AF0F1E /* CenozoicForMac */;
			targetProxy = D32FF8F71EACACC500AF0F1E /* PBXContainerItemProxy */;
		};
/* End PBXTargetDependency section */

/* Begin PBXVariantGroup section */
		D32FF8E31EACACC500AF0F1E /* Main.storyboard */ = {
			isa = PBXVariantGroup;
			children = (
				D32FF8E41EACACC500AF0F1E /* Base */,
			);
			name = Main.storyboard;
			sourceTree = "<group>";
		};
/* End PBXVariantGroup section */

/* Begin XCBuildConfiguration section */
		D32FF8FD1EACACC500AF0F1E /* Debug */ = {
			isa = XCBuildConfiguration;
			buildSettings = {
				ALWAYS_SEARCH_USER_PATHS = NO;
				CLANG_ANALYZER_NONNULL = YES;
				CLANG_ANALYZER_NUMBER_OBJECT_CONVERSION = YES_AGGRESSIVE;
				CLANG_CXX_LANGUAGE_STANDARD = "gnu++0x";
				CLANG_CXX_LIBRARY = "libc++";
				CLANG_ENABLE_MODULES = YES;
				CLANG_ENABLE_OBJC_ARC = YES;
				CLANG_WARN_BOOL_CONVERSION = YES;
				CLANG_WARN_CONSTANT_CONVERSION = YES;
				CLANG_WARN_DIRECT_OBJC_ISA_USAGE = YES_ERROR;
				CLANG_WARN_DOCUMENTATION_COMMENTS = YES;
				CLANG_WARN_EMPTY_BODY = YES;
				CLANG_WARN_ENUM_CONVERSION = YES;
				CLANG_WARN_INFINITE_RECURSION = YES;
				CLANG_WARN_INT_CONVERSION = YES;
				CLANG_WARN_OBJC_ROOT_CLASS = YES_ERROR;
				CLANG_WARN_SUSPICIOUS_MOVE = YES;
				CLANG_WARN_UNREACHABLE_CODE = YES;
				CLANG_WARN__DUPLICATE_METHOD_MATCH = YES;
				CODE_SIGN_IDENTITY = "-";
				COPY_PHASE_STRIP = NO;
				DEBUG_INFORMATION_FORMAT = dwarf;
				ENABLE_STRICT_OBJC_MSGSEND = YES;
				ENABLE_TESTABILITY = YES;
				GCC_C_LANGUAGE_STANDARD = gnu99;
				GCC_DYNAMIC_NO_PIC = NO;
				GCC_NO_COMMON_BLOCKS = YES;
				GCC_OPTIMIZATION_LEVEL = 0;
				GCC_PREPROCESSOR_DEFINITIONS = (
					"DEBUG=1",
					"$(inherited)",
				);
				GCC_WARN_64_TO_32_BIT_CONVERSION = YES;
				GCC_WARN_ABOUT_RETURN_TYPE = YES_ERROR;
				GCC_WARN_UNDECLARED_SELECTOR = YES;
				GCC_WARN_UNINITIALIZED_AUTOS = YES_AGGRESSIVE;
				GCC_WARN_UNUSED_FUNCTION = YES;
				GCC_WARN_UNUSED_VARIABLE = YES;
				MACOSX_DEPLOYMENT_TARGET = 10.12;
				MTL_ENABLE_DEBUG_INFO = YES;
				ONLY_ACTIVE_ARCH = YES;
				SDKROOT = macosx;
				SWIFT_ACTIVE_COMPILATION_CONDITIONS = DEBUG;
				SWIFT_OPTIMIZATION_LEVEL = "-Onone";
			};
			name = Debug;
		};
		D32FF8FE1EACACC500AF0F1E /* Release */ = {
			isa = XCBuildConfiguration;
			buildSettings = {
				ALWAYS_SEARCH_USER_PATHS = NO;
				CLANG_ANALYZER_NONNULL = YES;
				CLANG_ANALYZER_NUMBER_OBJECT_CONVERSION = YES_AGGRESSIVE;
				CLANG_CXX_LANGUAGE_STANDARD = "gnu++0x";
				CLANG_CXX_LIBRARY = "libc++";
				CLANG_ENABLE_MODULES = YES;
				CLANG_ENABLE_OBJC_ARC = YES;
				CLANG_WARN_BOOL_CONVERSION = YES;
				CLANG_WARN_CONSTANT_CONVERSION = YES;
				CLANG_WARN_DIRECT_OBJC_ISA_USAGE = YES_ERROR;
				CLANG_WARN_DOCUMENTATION_COMMENTS = YES;
				CLANG_WARN_EMPTY_BODY = YES;
				CLANG_WARN_ENUM_CONVERSION = YES;
				CLANG_WARN_INFINITE_RECURSION = YES;
				CLANG_WARN_INT_CONVERSION = YES;
				CLANG_WARN_OBJC_ROOT_CLASS = YES_ERROR;
				CLANG_WARN_SUSPICIOUS_MOVE = YES;
				CLANG_WARN_UNREACHABLE_CODE = YES;
				CLANG_WARN__DUPLICATE_METHOD_MATCH = YES;
				CODE_SIGN_IDENTITY = "-";
				COPY_PHASE_STRIP = NO;
				DEBUG_INFORMATION_FORMAT = "dwarf-with-dsym";
				ENABLE_NS_ASSERTIONS = NO;
				ENABLE_STRICT_OBJC_MSGSEND = YES;
				GCC_C_LANGUAGE_STANDARD = gnu99;
				GCC_NO_COMMON_BLOCKS = YES;
				GCC_WARN_64_TO_32_BIT_CONVERSION = YES;
				GCC_WARN_ABOUT_RETURN_TYPE = YES_ERROR;
				GCC_WARN_UNDECLARED_SELECTOR = YES;
				GCC_WARN_UNINITIALIZED_AUTOS = YES_AGGRESSIVE;
				GCC_WARN_UNUSED_FUNCTION = YES;
				GCC_WARN_UNUSED_VARIABLE = YES;
				MACOSX_DEPLOYMENT_TARGET = 10.12;
				MTL_ENABLE_DEBUG_INFO = NO;
				SDKROOT = macosx;
				SWIFT_OPTIMIZATION_LEVEL = "-Owholemodule";
			};
			name = Release;
		};
		D32FF9001EACACC500AF0F1E /* Debug */ = {
			isa = XCBuildConfiguration;
			buildSettings = {
				ASSETCATALOG_COMPILER_APPICON_NAME = AppIcon;
				COMBINE_HIDPI_IMAGES = YES;
				DEVELOPMENT_TEAM = C6P4627NL8;
				FRAMEWORK_SEARCH_PATHS = (
					"$(inherited)",
					"$(PROJECT_DIR)/Carthage/Build/Mac",
				);
				INFOPLIST_FILE = CenozoicForMac/Info.plist;
				LD_RUNPATH_SEARCH_PATHS = "$(inherited) @executable_path/../Frameworks";
				PRODUCT_BUNDLE_IDENTIFIER = com.sa2taka.CenozoicForMac;
				PRODUCT_NAME = "$(TARGET_NAME)";
				SWIFT_VERSION = 3.0;
			};
			name = Debug;
		};
		D32FF9011EACACC500AF0F1E /* Release */ = {
			isa = XCBuildConfiguration;
			buildSettings = {
				ASSETCATALOG_COMPILER_APPICON_NAME = AppIcon;
				COMBINE_HIDPI_IMAGES = YES;
				DEVELOPMENT_TEAM = C6P4627NL8;
				FRAMEWORK_SEARCH_PATHS = (
					"$(inherited)",
					"$(PROJECT_DIR)/Carthage/Build/Mac",
				);
				INFOPLIST_FILE = CenozoicForMac/Info.plist;
				LD_RUNPATH_SEARCH_PATHS = "$(inherited) @executable_path/../Frameworks";
				PRODUCT_BUNDLE_IDENTIFIER = com.sa2taka.CenozoicForMac;
				PRODUCT_NAME = "$(TARGET_NAME)";
				SWIFT_VERSION = 3.0;
			};
			name = Release;
		};
		D32FF9031EACACC500AF0F1E /* Debug */ = {
			isa = XCBuildConfiguration;
			buildSettings = {
				ALWAYS_EMBED_SWIFT_STANDARD_LIBRARIES = YES;
				BUNDLE_LOADER = "$(TEST_HOST)";
				COMBINE_HIDPI_IMAGES = YES;
				DEVELOPMENT_TEAM = C6P4627NL8;
				INFOPLIST_FILE = CenozoicForMacTests/Info.plist;
				LD_RUNPATH_SEARCH_PATHS = "$(inherited) @executable_path/../Frameworks @loader_path/../Frameworks";
				PRODUCT_BUNDLE_IDENTIFIER = com.sa2taka.CenozoicForMacTests;
				PRODUCT_NAME = "$(TARGET_NAME)";
				SWIFT_VERSION = 3.0;
				TEST_HOST = "$(BUILT_PRODUCTS_DIR)/CenozoicForMac.app/Contents/MacOS/CenozoicForMac";
			};
			name = Debug;
		};
		D32FF9041EACACC500AF0F1E /* Release */ = {
			isa = XCBuildConfiguration;
			buildSettings = {
				ALWAYS_EMBED_SWIFT_STANDARD_LIBRARIES = YES;
				BUNDLE_LOADER = "$(TEST_HOST)";
				COMBINE_HIDPI_IMAGES = YES;
				DEVELOPMENT_TEAM = C6P4627NL8;
				INFOPLIST_FILE = CenozoicForMacTests/Info.plist;
				LD_RUNPATH_SEARCH_PATHS = "$(inherited) @executable_path/../Frameworks @loader_path/../Frameworks";
				PRODUCT_BUNDLE_IDENTIFIER = com.sa2taka.CenozoicForMacTests;
				PRODUCT_NAME = "$(TARGET_NAME)";
				SWIFT_VERSION = 3.0;
				TEST_HOST = "$(BUILT_PRODUCTS_DIR)/CenozoicForMac.app/Contents/MacOS/CenozoicForMac";
			};
			name = Release;
		};
		D32FF9061EACACC500AF0F1E /* Debug */ = {
			isa = XCBuildConfiguration;
			buildSettings = {
				ALWAYS_EMBED_SWIFT_STANDARD_LIBRARIES = YES;
				COMBINE_HIDPI_IMAGES = YES;
				DEVELOPMENT_TEAM = C6P4627NL8;
				INFOPLIST_FILE = CenozoicForMacUITests/Info.plist;
				LD_RUNPATH_SEARCH_PATHS = "$(inherited) @executable_path/../Frameworks @loader_path/../Frameworks";
				PRODUCT_BUNDLE_IDENTIFIER = com.sa2taka.CenozoicForMacUITests;
				PRODUCT_NAME = "$(TARGET_NAME)";
				SWIFT_VERSION = 3.0;
				TEST_TARGET_NAME = CenozoicForMac;
			};
			name = Debug;
		};
		D32FF9071EACACC500AF0F1E /* Release */ = {
			isa = XCBuildConfiguration;
			buildSettings = {
				ALWAYS_EMBED_SWIFT_STANDARD_LIBRARIES = YES;
				COMBINE_HIDPI_IMAGES = YES;
				DEVELOPMENT_TEAM = C6P4627NL8;
				INFOPLIST_FILE = CenozoicForMacUITests/Info.plist;
				LD_RUNPATH_SEARCH_PATHS = "$(inherited) @executable_path/../Frameworks @loader_path/../Frameworks";
				PRODUCT_BUNDLE_IDENTIFIER = com.sa2taka.CenozoicForMacUITests;
				PRODUCT_NAME = "$(TARGET_NAME)";
				SWIFT_VERSION = 3.0;
				TEST_TARGET_NAME = CenozoicForMac;
			};
			name = Release;
		};
/* End XCBuildConfiguration section */

/* Begin XCConfigurationList section */
		D32FF8D51EACACC500AF0F1E /* Build configuration list for PBXProject "CenozoicForMac" */ = {
			isa = XCConfigurationList;
			buildConfigurations = (
				D32FF8FD1EACACC500AF0F1E /* Debug */,
				D32FF8FE1EACACC500AF0F1E /* Release */,
			);
			defaultConfigurationIsVisible = 0;
			defaultConfigurationName = Release;
		};
		D32FF8FF1EACACC500AF0F1E /* Build configuration list for PBXNativeTarget "CenozoicForMac" */ = {
			isa = XCConfigurationList;
			buildConfigurations = (
				D32FF9001EACACC500AF0F1E /* Debug */,
				D32FF9011EACACC500AF0F1E /* Release */,
			);
			defaultConfigurationIsVisible = 0;
			defaultConfigurationName = Release;
		};
		D32FF9021EACACC500AF0F1E /* Build configuration list for PBXNativeTarget "CenozoicForMacTests" */ = {
			isa = XCConfigurationList;
			buildConfigurations = (
				D32FF9031EACACC500AF0F1E /* Debug */,
				D32FF9041EACACC500AF0F1E /* Release */,
			);
			defaultConfigurationIsVisible = 0;
			defaultConfigurationName = Release;
		};
		D32FF9051EACACC500AF0F1E /* Build configuration list for PBXNativeTarget "CenozoicForMacUITests" */ = {
			isa = XCConfigurationList;
			buildConfigurations = (
				D32FF9061EACACC500AF0F1E /* Debug */,
				D32FF9071EACACC500AF0F1E /* Release */,
			);
			defaultConfigurationIsVisible = 0;
			defaultConfigurationName = Release;
		};
/* End XCConfigurationList section */
	};
	rootObject = D32FF8D21EACACC500AF0F1E /* Project object */;
}
